PODS:
  - Flutter (1.0.0)
  - flutter_pdfview (1.0.2):
    - Flutter
  - flutter_webrtc (0.9.36):
    - Flutter
    - WebRTC-SDK (= 114.5735.08)
  - path_provider_foundation (0.0.1):
    - Flutter
    - FlutterMacOS
  - WebRTC-SDK (114.5735.08)

DEPENDENCIES:
  - Flutter (from `Flutter`)
  - flutter_pdfview (from `.symlinks/plugins/flutter_pdfview/ios`)
  - flutter_webrtc (from `.symlinks/plugins/flutter_webrtc/ios`)
  - path_provider_foundation (from `.symlinks/plugins/path_provider_foundation/darwin`)

SPEC REPOS:
  trunk:
    - WebRTC-SDK

EXTERNAL SOURCES:
  Flutter:
    :path: Flutter
  flutter_pdfview:
    :path: ".symlinks/plugins/flutter_pdfview/ios"
  flutter_webrtc:
    :path: ".symlinks/plugins/flutter_webrtc/ios"
  path_provider_foundation:
    :path: ".symlinks/plugins/path_provider_foundation/darwin"

SPEC CHECKSUMS:
  Flutter: f04841e97a9d0b0a8025694d0796dd46242b2854
  flutter_pdfview: 25f53dd6097661e6395b17de506e6060585946bd
  flutter_webrtc: 55df3aaa802114dad390191a46c2c8d535751268
  path_provider_foundation: 29f094ae23ebbca9d3d0cec13889cd9060c0e943
  WebRTC-SDK: c24d2a6c9f571f2ed42297cb8ffba9557093142b

PODFILE CHECKSUM: 17e448b04dbf75e44b1285b4199d14041cb0c962

COCOAPODS: 1.12.0
